
Microsoft Visual Studio Solution File, Format Version 10.00
# Visual Studio 2008
Project("{FAE04EC0-301F-11D3-BF4B-00C04F79EFBC}") = "caisse_enregistreuse_test", "caisse_enregistreuse_test\caisse_enregistreuse_test.csproj", "{3BE0E470-47DB-42A4-A56C-5DFEF619AD55}"
EndProject
Global
	GlobalSection(SolutionConfigurationPlatforms) = preSolution
		Debug|Any CPU = Debug|Any CPU
		Release|Any CPU = Release|Any CPU
	EndGlobalSection
	GlobalSection(ProjectConfigurationPlatforms) = postSolution
		{3BE0E470-47DB-42A4-A56C-5DFEF619AD55}.Debug|Any CPU.ActiveCfg = Debug|Any CPU
		{3BE0E470-47DB-42A4-A56C-5DFEF619AD55}.Debug|Any CPU.Build.0 = Debug|Any CPU
		{3BE0E470-47DB-42A4-A56C-5DFEF619AD55}.Release|Any CPU.ActiveCfg = Release|Any CPU
		{3BE0E470-47DB-42A4-A56C-5DFEF619AD55}.Release|Any CPU.Build.0 = Release|Any CPU
	EndGlobalSection
	GlobalSection(SolutionProperties) = preSolution
		HideSolutionNode = FALSE
	EndGlobalSection
EndGlobal
